
Microsoft Visual Studio Solution File, Format Version 12.00
# Visual Studio Version 16
VisualStudioVersion = 16.0.30611.23
MinimumVisualStudioVersion = 10.0.40219.1
Project("{9A19103F-16F7-4668-BE54-9A1E7A4F7556}") = "OnlineShop", "EquipmentShop\OnlineShop.csproj", "{368D7C76-DC6D-480E-AC0C-705EDB41D142}"
EndProject
Global
	GlobalSection(SolutionConfigurationPlatforms) = preSolution
		Debug|Any CPU = Debug|Any CPU
		Release|Any CPU = Release|Any CPU
	EndGlobalSection
	GlobalSection(ProjectConfigurationPlatforms) = postSolution
		{368D7C76-DC6D-480E-AC0C-705EDB41D142}.Debug|Any CPU.ActiveCfg = Debug|Any CPU
		{368D7C76-DC6D-480E-AC0C-705EDB41D142}.Debug|Any CPU.Build.0 = Debug|Any CPU
		{368D7C76-DC6D-480E-AC0C-705EDB41D142}.Release|Any CPU.ActiveCfg = Release|Any CPU
		{368D7C76-DC6D-480E-AC0C-705EDB41D142}.Release|Any CPU.Build.0 = Release|Any CPU
	EndGlobalSection
	GlobalSection(SolutionProperties) = preSolution
		HideSolutionNode = FALSE
	EndGlobalSection
	GlobalSection(ExtensibilityGlobals) = postSolution
		SolutionGuid = {693AC903-1C35-40C2-B77E-507F9607D5C8}
	EndGlobalSection
EndGlobal
